
Microsoft Visual Studio Solution File, Format Version 12.00
# Visual Studio Version 17
VisualStudioVersion = 17.7.34302.85
MinimumVisualStudioVersion = 10.0.40219.1
Project("{FAE04EC0-301F-11D3-BF4B-00C04F79EFBC}") = "Examen3_Francisco", "Examen3_Francisco\Examen3_Francisco.csproj", "{AC69744D-4290-4743-B6C5-5ED41BAB4644}"
EndProject
Global
	GlobalSection(SolutionConfigurationPlatforms) = preSolution
		Debug|Any CPU = Debug|Any CPU
		Release|Any CPU = Release|Any CPU
	EndGlobalSection
	GlobalSection(ProjectConfigurationPlatforms) = postSolution
		{AC69744D-4290-4743-B6C5-5ED41BAB4644}.Debug|Any CPU.ActiveCfg = Debug|Any CPU
		{AC69744D-4290-4743-B6C5-5ED41BAB4644}.Debug|Any CPU.Build.0 = Debug|Any CPU
		{AC69744D-4290-4743-B6C5-5ED41BAB4644}.Release|Any CPU.ActiveCfg = Release|Any CPU
		{AC69744D-4290-4743-B6C5-5ED41BAB4644}.Release|Any CPU.Build.0 = Release|Any CPU
	EndGlobalSection
	GlobalSection(SolutionProperties) = preSolution
		HideSolutionNode = FALSE
	EndGlobalSection
	GlobalSection(ExtensibilityGlobals) = postSolution
		SolutionGuid = {EEFF6963-DAF3-4907-9AA1-DFC368A720E6}
	EndGlobalSection
EndGlobal
